Microsoft Visual Studio Solution File, Format Version 12.00
# Visual Studio 2012
Project("{FAE04EC0-301F-11D3-BF4B-00C04F79EFBC}") = "handwrite", "handwrite.csproj", "{7596CFFA-1AD0-440C-A2BE-A414706BE6CA}"
EndProject
Global
	GlobalSection(SolutionConfigurationPlatforms) = preSolution
	Debug|Any CPU = Debug|Any CPU
	ExportDebug|Any CPU = ExportDebug|Any CPU
	ExportRelease|Any CPU = ExportRelease|Any CPU
	EndGlobalSection
	GlobalSection(ProjectConfigurationPlatforms) = postSolution
		{7596CFFA-1AD0-440C-A2BE-A414706BE6CA}.Debug|Any CPU.ActiveCfg = Debug|Any CPU
		{7596CFFA-1AD0-440C-A2BE-A414706BE6CA}.Debug|Any CPU.Build.0 = Debug|Any CPU
		{7596CFFA-1AD0-440C-A2BE-A414706BE6CA}.ExportDebug|Any CPU.ActiveCfg = ExportDebug|Any CPU
		{7596CFFA-1AD0-440C-A2BE-A414706BE6CA}.ExportDebug|Any CPU.Build.0 = ExportDebug|Any CPU
		{7596CFFA-1AD0-440C-A2BE-A414706BE6CA}.ExportRelease|Any CPU.ActiveCfg = ExportRelease|Any CPU
		{7596CFFA-1AD0-440C-A2BE-A414706BE6CA}.ExportRelease|Any CPU.Build.0 = ExportRelease|Any CPU
	EndGlobalSection
EndGlobal
